// !$*UTF8*$!
{
	archiveVersion = 1;
	classes = {
	};
	objectVersion = 56;
	objects = {

/* Begin PBXBuildFile section */
		B71537382D1A3BF500753433 /* DAMII_EFApp.swift in Sources */ = {isa = PBXBuildFile; fileRef = B71537372D1A3BF500753433 /* DAMII_EFApp.swift */; };
		B715373A2D1A3BF500753433 /* ContentView.swift in Sources */ = {isa = PBXBuildFile; fileRef = B71537392D1A3BF500753433 /* ContentView.swift */; };
		B715373C2D1A3BF700753433 /* Assets.xcassets in Resources */ = {isa = PBXBuildFile; fileRef = B715373B2D1A3BF700753433 /* Assets.xcassets */; };
		B715373F2D1A3BF700753433 /* Preview Assets.xcassets in Resources */ = {isa = PBXBuildFile; fileRef = B715373E2D1A3BF700753433 /* Preview Assets.xcassets */; };
		B71537442D1A3BF700753433 /* DAMII_EF.xcdatamodeld in Sources */ = {isa = PBXBuildFile; fileRef = B71537422D1A3BF700753433 /* DAMII_EF.xcdatamodeld */; };
		B715374B2D1A3CC500753433 /* Persistence.swift in Sources */ = {isa = PBXBuildFile; fileRef = B715374A2D1A3CC500753433 /* Persistence.swift */; };
		B715374D2D1A3D7C00753433 /* PhotoListView.swift in Sources */ = {isa = PBXBuildFile; fileRef = B715374C2D1A3D7C00753433 /* PhotoListView.swift */; };
		B715374F2D1A3D8B00753433 /* AppServices.swift in Sources */ = {isa = PBXBuildFile; fileRef = B715374E2D1A3D8B00753433 /* AppServices.swift */; };
		B71537522D1A3DA000753433 /* Alamofire in Frameworks */ = {isa = PBXBuildFile; productRef = B71537512D1A3DA000753433 /* Alamofire */; };
		B71537542D1A3E1900753433 /* Models.swift in Sources */ = {isa = PBXBuildFile; fileRef = B71537532D1A3E1900753433 /* Models.swift */; };
		B71537562D1A409200753433 /* PhotoViewModel.swift in Sources */ = {isa = PBXBuildFile; fileRef = B71537552D1A409200753433 /* PhotoViewModel.swift */; };
		B71537582D1A574100753433 /* PhotoDetailView.swift in Sources */ = {isa = PBXBuildFile; fileRef = B71537572D1A574100753433 /* PhotoDetailView.swift */; };
		B7D827752D1A5B740071FE8F /* PhotoFavoritesList.swift in Sources */ = {isa = PBXBuildFile; fileRef = B7D827742D1A5B740071FE8F /* PhotoFavoritesList.swift */; };
/* End PBXBuildFile section */

/* Begin PBXFileReference section */
		B71537342D1A3BF500753433 /* DAMII_EF.app */ = {isa = PBXFileReference; explicitFileType = wrapper.application; includeInIndex = 0; path = DAMII_EF.app; sourceTree = BUILT_PRODUCTS_DIR; };
		B71537372D1A3BF500753433 /* DAMII_EFApp.swift */ = {isa = PBXFileReference; lastKnownFileType = sourcecode.swift; path = DAMII_EFApp.swift; sourceTree = "<group>"; };
		B71537392D1A3BF500753433 /* ContentView.swift */ = {isa = PBXFileReference; lastKnownFileType = sourcecode.swift; path = ContentView.swift; sourceTree = "<group>"; };
		B715373B2D1A3BF700753433 /* Assets.xcassets */ = {isa = PBXFileReference; lastKnownFileType = folder.assetcatalog; path = Assets.xcassets; sourceTree = "<group>"; };
		B715373E2D1A3BF700753433 /* Preview Assets.xcassets */ = {isa = PBXFileReference; lastKnownFileType = folder.assetcatalog; path = "Preview Assets.xcassets"; sourceTree = "<group>"; };
		B71537432D1A3BF700753433 /* DAMII_EF.xcdatamodel */ = {isa = PBXFileReference; lastKnownFileType = wrapper.xcdatamodel; path = DAMII_EF.xcdatamodel; sourceTree = "<group>"; };
		B715374A2D1A3CC500753433 /* Persistence.swift */ = {isa = PBXFileReference; lastKnownFileType = sourcecode.swift; path = Persistence.swift; sourceTree = "<group>"; };
		B715374C2D1A3D7C00753433 /* PhotoListView.swift */ = {isa = PBXFileReference; lastKnownFileType = sourcecode.swift; path = PhotoListView.swift; sourceTree = "<group>"; };
		B715374E2D1A3D8B00753433 /* AppServices.swift */ = {isa = PBXFileReference; lastKnownFileType = sourcecode.swift; path = AppServices.swift; sourceTree = "<group>"; };
		B71537532D1A3E1900753433 /* Models.swift */ = {isa = PBXFileReference; lastKnownFileType = sourcecode.swift; path = Models.swift; sourceTree = "<group>"; };
		B71537552D1A409200753433 /* PhotoViewModel.swift */ = {isa = PBXFileReference; lastKnownFileType = sourcecode.swift; path = PhotoViewModel.swift; sourceTree = "<group>"; };
		B71537572D1A574100753433 /* PhotoDetailView.swift */ = {isa = PBXFileReference; lastKnownFileType = sourcecode.swift; path = PhotoDetailView.swift; sourceTree = "<group>"; };
		B7D827742D1A5B740071FE8F /* PhotoFavoritesList.swift */ = {isa = PBXFileReference; lastKnownFileType = sourcecode.swift; path = PhotoFavoritesList.swift; sourceTree = "<group>"; };
/* End PBXFileReference section */

/* Begin PBXFrameworksBuildPhase section */
		B71537312D1A3BF500753433 /* Frameworks */ = {
			isa = PBXFrameworksBuildPhase;
			buildActionMask = 2147483647;
			files = (
				B71537522D1A3DA000753433 /* Alamofire in Frameworks */,
			);
			runOnlyForDeploymentPostprocessing = 0;
		};
/* End PBXFrameworksBuildPhase section */

/* Begin PBXGroup section */
		B715372B2D1A3BF500753433 = {
			isa = PBXGroup;
			children = (
				B71537362D1A3BF500753433 /* DAMII_EF */,
				B71537352D1A3BF500753433 /* Products */,
			);
			sourceTree = "<group>";
		};
		B71537352D1A3BF500753433 /* Products */ = {
			isa = PBXGroup;
			children = (
				B71537342D1A3BF500753433 /* DAMII_EF.app */,
			);
			name = Products;
			sourceTree = "<group>";
		};
		B71537362D1A3BF500753433 /* DAMII_EF */ = {
			isa = PBXGroup;
			children = (
				B71537372D1A3BF500753433 /* DAMII_EFApp.swift */,
				B71537392D1A3BF500753433 /* ContentView.swift */,
				B715373B2D1A3BF700753433 /* Assets.xcassets */,
				B71537422D1A3BF700753433 /* DAMII_EF.xcdatamodeld */,
				B715373D2D1A3BF700753433 /* Preview Content */,
				B715374A2D1A3CC500753433 /* Persistence.swift */,
				B715374C2D1A3D7C00753433 /* PhotoListView.swift */,
				B715374E2D1A3D8B00753433 /* AppServices.swift */,
				B71537532D1A3E1900753433 /* Models.swift */,
				B71537552D1A409200753433 /* PhotoViewModel.swift */,
				B71537572D1A574100753433 /* PhotoDetailView.swift */,
				B7D827742D1A5B740071FE8F /* PhotoFavoritesList.swift */,
			);
			path = DAMII_EF;
			sourceTree = "<group>";
		};
		B715373D2D1A3BF700753433 /* Preview Content */ = {
			isa = PBXGroup;
			children = (
				B715373E2D1A3BF700753433 /* Preview Assets.xcassets */,
			);
			path = "Preview Content";
			sourceTree = "<group>";
		};
/* End PBXGroup section */

/* Begin PBXNativeTarget section */
		B71537332D1A3BF500753433 /* DAMII_EF */ = {
			isa = PBXNativeTarget;
			buildConfigurationList = B71537472D1A3BF700753433 /* Build configuration list for PBXNativeTarget "DAMII_EF" */;
			buildPhases = (
				B71537302D1A3BF500753433 /* Sources */,
				B71537312D1A3BF500753433 /* Frameworks */,
				B71537322D1A3BF500753433 /* Resources */,
			);
			buildRules = (
			);
			dependencies = (
			);
			name = DAMII_EF;
			packageProductDependencies = (
				B71537512D1A3DA000753433 /* Alamofire */,
			);
			productName = DAMII_EF;
			productReference = B71537342D1A3BF500753433 /* DAMII_EF.app */;
			productType = "com.apple.product-type.application";
		};
/* End PBXNativeTarget section */

/* Begin PBXProject section */
		B715372C2D1A3BF500753433 /* Project object */ = {
			isa = PBXProject;
			attributes = {
				BuildIndependentTargetsInParallel = 1;
				LastSwiftUpdateCheck = 1420;
				LastUpgradeCheck = 1420;
				TargetAttributes = {
					B71537332D1A3BF500753433 = {
						CreatedOnToolsVersion = 14.2;
					};
				};
			};
			buildConfigurationList = B715372F2D1A3BF500753433 /* Build configuration list for PBXProject "DAMII_EF" */;
			compatibilityVersion = "Xcode 14.0";
			developmentRegion = en;
			hasScannedForEncodings = 0;
			knownRegions = (
				en,
				Base,
			);
			mainGroup = B715372B2D1A3BF500753433;
			packageReferences = (
				B71537502D1A3DA000753433 /* XCRemoteSwiftPackageReference "Alamofire" */,
			);
			productRefGroup = B71537352D1A3BF500753433 /* Products */;
			projectDirPath = "";
			projectRoot = "";
			targets = (
				B71537332D1A3BF500753433 /* DAMII_EF */,
			);
		};
/* End PBXProject section */

/* Begin PBXResourcesBuildPhase section */
		B71537322D1A3BF500753433 /* Resources */ = {
			isa = PBXResourcesBuildPhase;
			buildActionMask = 2147483647;
			files = (
				B715373F2D1A3BF700753433 /* Preview Assets.xcassets in Resources */,
				B715373C2D1A3BF700753433 /* Assets.xcassets in Resources */,
			);
			runOnlyForDeploymentPostprocessing = 0;
		};
/* End PBXResourcesBuildPhase section */

/* Begin PBXSourcesBuildPhase section */
		B71537302D1A3BF500753433 /* Sources */ = {
			isa = PBXSourcesBuildPhase;
			buildActionMask = 2147483647;
			files = (
				B7D827752D1A5B740071FE8F /* PhotoFavoritesList.swift in Sources */,
				B715373A2D1A3BF500753433 /* ContentView.swift in Sources */,
				B715374B2D1A3CC500753433 /* Persistence.swift in Sources */,
				B71537382D1A3BF500753433 /* DAMII_EFApp.swift in Sources */,
				B715374F2D1A3D8B00753433 /* AppServices.swift in Sources */,
				B71537442D1A3BF700753433 /* DAMII_EF.xcdatamodeld in Sources */,
				B71537562D1A409200753433 /* PhotoViewModel.swift in Sources */,
				B715374D2D1A3D7C00753433 /* PhotoListView.swift in Sources */,
				B71537542D1A3E1900753433 /* Models.swift in Sources */,
				B71537582D1A574100753433 /* PhotoDetailView.swift in Sources */,
			);
			runOnlyForDeploymentPostprocessing = 0;
		};
/* End PBXSourcesBuildPhase section */

/* Begin XCBuildConfiguration section */
		B71537452D1A3BF700753433 /* Debug */ = {
			isa = XCBuildConfiguration;
			buildSettings = {
				ALWAYS_SEARCH_USER_PATHS = NO;
				CLANG_ANALYZER_NONNULL = YES;
				CLANG_ANALYZER_NUMBER_OBJECT_CONVERSION = YES_AGGRESSIVE;
				CLANG_CXX_LANGUAGE_STANDARD = "gnu++20";
				CLANG_ENABLE_MODULES = YES;
				CLANG_ENABLE_OBJC_ARC = YES;
				CLANG_ENABLE_OBJC_WEAK = YES;
				CLANG_WARN_BLOCK_CAPTURE_AUTORELEASING = YES;
				CLANG_WARN_BOOL_CONVERSION = YES;
				CLANG_WARN_COMMA = YES;
				CLANG_WARN_CONSTANT_CONVERSION = YES;
				CLANG_WARN_DEPRECATED_OBJC_IMPLEMENTATIONS = YES;
				CLANG_WARN_DIRECT_OBJC_ISA_USAGE = YES_ERROR;
				CLANG_WARN_DOCUMENTATION_COMMENTS = YES;
				CLANG_WARN_EMPTY_BODY = YES;
				CLANG_WARN_ENUM_CONVERSION = YES;
				CLANG_WARN_INFINITE_RECURSION = YES;
				CLANG_WARN_INT_CONVERSION = YES;
				CLANG_WARN_NON_LITERAL_NULL_CONVERSION = YES;
				CLANG_WARN_OBJC_IMPLICIT_RETAIN_SELF = YES;
				CLANG_WARN_OBJC_LITERAL_CONVERSION = YES;
				CLANG_WARN_OBJC_ROOT_CLASS = YES_ERROR;
				CLANG_WARN_QUOTED_INCLUDE_IN_FRAMEWORK_HEADER = YES;
				CLANG_WARN_RANGE_LOOP_ANALYSIS = YES;
				CLANG_WARN_STRICT_PROTOTYPES = YES;
				CLANG_WARN_SUSPICIOUS_MOVE = YES;
				CLANG_WARN_UNGUARDED_AVAILABILITY = YES_AGGRESSIVE;
				CLANG_WARN_UNREACHABLE_CODE = YES;
				CLANG_WARN__DUPLICATE_METHOD_MATCH = YES;
				COPY_PHASE_STRIP = NO;
				DEBUG_INFORMATION_FORMAT = dwarf;
				ENABLE_STRICT_OBJC_MSGSEND = YES;
				ENABLE_TESTABILITY = YES;
				GCC_C_LANGUAGE_STANDARD = gnu11;
				GCC_DYNAMIC_NO_PIC = NO;
				GCC_NO_COMMON_BLOCKS = YES;
				GCC_OPTIMIZATION_LEVEL = 0;
				GCC_PREPROCESSOR_DEFINITIONS = (
					"DEBUG=1",
					"$(inherited)",
				);
				GCC_WARN_64_TO_32_BIT_CONVERSION = YES;
				GCC_WARN_ABOUT_RETURN_TYPE = YES_ERROR;
				GCC_WARN_UNDECLARED_SELECTOR = YES;
				GCC_WARN_UNINITIALIZED_AUTOS = YES_AGGRESSIVE;
				GCC_WARN_UNUSED_FUNCTION = YES;
				GCC_WARN_UNUSED_VARIABLE = YES;
				IPHONEOS_DEPLOYMENT_TARGET = 16.2;
				MTL_ENABLE_DEBUG_INFO = INCLUDE_SOURCE;
				MTL_FAST_MATH = YES;
				ONLY_ACTIVE_ARCH = YES;
				SDKROOT = iphoneos;
				SWIFT_ACTIVE_COMPILATION_CONDITIONS = DEBUG;
				SWIFT_OPTIMIZATION_LEVEL = "-Onone";
			};
			name = Debug;
		};
		B71537462D1A3BF700753433 /* Release */ = {
			isa = XCBuildConfiguration;
			buildSettings = {
				ALWAYS_SEARCH_USER_PATHS = NO;
				CLANG_ANALYZER_NONNULL = YES;
				CLANG_ANALYZER_NUMBER_OBJECT_CONVERSION = YES_AGGRESSIVE;
				CLANG_CXX_LANGUAGE_STANDARD = "gnu++20";
				CLANG_ENABLE_MODULES = YES;
				CLANG_ENABLE_OBJC_ARC = YES;
				CLANG_ENABLE_OBJC_WEAK = YES;
				CLANG_WARN_BLOCK_CAPTURE_AUTORELEASING = YES;
				CLANG_WARN_BOOL_CONVERSION = YES;
				CLANG_WARN_COMMA = YES;
				CLANG_WARN_CONSTANT_CONVERSION = YES;
				CLANG_WARN_DEPRECATED_OBJC_IMPLEMENTATIONS = YES;
				CLANG_WARN_DIRECT_OBJC_ISA_USAGE = YES_ERROR;
				CLANG_WARN_DOCUMENTATION_COMMENTS = YES;
				CLANG_WARN_EMPTY_BODY = YES;
				CLANG_WARN_ENUM_CONVERSION = YES;
				CLANG_WARN_INFINITE_RECURSION = YES;
				CLANG_WARN_INT_CONVERSION = YES;
				CLANG_WARN_NON_LITERAL_NULL_CONVERSION = YES;
				CLANG_WARN_OBJC_IMPLICIT_RETAIN_SELF = YES;
				CLANG_WARN_OBJC_LITERAL_CONVERSION = YES;
				CLANG_WARN_OBJC_ROOT_CLASS = YES_ERROR;
				CLANG_WARN_QUOTED_INCLUDE_IN_FRAMEWORK_HEADER = YES;
				CLANG_WARN_RANGE_LOOP_ANALYSIS = YES;
				CLANG_WARN_STRICT_PROTOTYPES = YES;
				CLANG_WARN_SUSPICIOUS_MOVE = YES;
				CLANG_WARN_UNGUARDED_AVAILABILITY = YES_AGGRESSIVE;
				CLANG_WARN_UNREACHABLE_CODE = YES;
				CLANG_WARN__DUPLICATE_METHOD_MATCH = YES;
				COPY_PHASE_STRIP = NO;
				DEBUG_INFORMATION_FORMAT = "dwarf-with-dsym";
				ENABLE_NS_ASSERTIONS = NO;
				ENABLE_STRICT_OBJC_MSGSEND = YES;
				GCC_C_LANGUAGE_STANDARD = gnu11;
				GCC_NO_COMMON_BLOCKS = YES;
				GCC_WARN_64_TO_32_BIT_CONVERSION = YES;
				GCC_WARN_ABOUT_RETURN_TYPE = YES_ERROR;
				GCC_WARN_UNDECLARED_SELECTOR = YES;
				GCC_WARN_UNINITIALIZED_AUTOS = YES_AGGRESSIVE;
				GCC_WARN_UNUSED_FUNCTION = YES;
				GCC_WARN_UNUSED_VARIABLE = YES;
				IPHONEOS_DEPLOYMENT_TARGET = 16.2;
				MTL_ENABLE_DEBUG_INFO = NO;
				MTL_FAST_MATH = YES;
				SDKROOT = iphoneos;
				SWIFT_COMPILATION_MODE = wholemodule;
				SWIFT_OPTIMIZATION_LEVEL = "-O";
				VALIDATE_PRODUCT = YES;
			};
			name = Release;
		};
		B71537482D1A3BF700753433 /* Debug */ = {
			isa = XCBuildConfiguration;
			buildSettings = {
				ASSETCATALOG_COMPILER_APPICON_NAME = AppIcon;
				ASSETCATALOG_COMPILER_GLOBAL_ACCENT_COLOR_NAME = AccentColor;
				CODE_SIGN_STYLE = Automatic;
				CURRENT_PROJECT_VERSION = 1;
				DEVELOPMENT_ASSET_PATHS = "\"DAMII_EF/Preview Content\"";
				ENABLE_PREVIEWS = YES;
				GENERATE_INFOPLIST_FILE = YES;
				INFOPLIST_KEY_UIApplicationSceneManifest_Generation = YES;
				INFOPLIST_KEY_UIApplicationSupportsIndirectInputEvents = YES;
				INFOPLIST_KEY_UILaunchScreen_Generation = YES;
				INFOPLIST_KEY_UISupportedInterfaceOrientations_iPad = "UIInterfaceOrientationPortrait UIInterfaceOrientationPortraitUpsideDown UIInterfaceOrientationLandscapeLeft UIInterfaceOrientationLandscapeRight";
				INFOPLIST_KEY_UISupportedInterfaceOrientations_iPhone = "UIInterfaceOrientationPortrait UIInterfaceOrientationLandscapeLeft UIInterfaceOrientationLandscapeRight";
				LD_RUNPATH_SEARCH_PATHS = (
					"$(inherited)",
					"@executable_path/Frameworks",
				);
				MARKETING_VERSION = 1.0;
				PRODUCT_BUNDLE_IDENTIFIER = "pe.edu.cibertec.DAMII-EF";
				PRODUCT_NAME = "$(TARGET_NAME)";
				SWIFT_EMIT_LOC_STRINGS = YES;
				SWIFT_VERSION = 5.0;
				TARGETED_DEVICE_FAMILY = "1,2";
			};
			name = Debug;
		};
		B71537492D1A3BF700753433 /* Release */ = {
			isa = XCBuildConfiguration;
			buildSettings = {
				ASSETCATALOG_COMPILER_APPICON_NAME = AppIcon;
				ASSETCATALOG_COMPILER_GLOBAL_ACCENT_COLOR_NAME = AccentColor;
				CODE_SIGN_STYLE = Automatic;
				CURRENT_PROJECT_VERSION = 1;
				DEVELOPMENT_ASSET_PATHS = "\"DAMII_EF/Preview Content\"";
				ENABLE_PREVIEWS = YES;
				GENERATE_INFOPLIST_FILE = YES;
				INFOPLIST_KEY_UIApplicationSceneManifest_Generation = YES;
				INFOPLIST_KEY_UIApplicationSupportsIndirectInputEvents = YES;
				INFOPLIST_KEY_UILaunchScreen_Generation = YES;
				INFOPLIST_KEY_UISupportedInterfaceOrientations_iPad = "UIInterfaceOrientationPortrait UIInterfaceOrientationPortraitUpsideDown UIInterfaceOrientationLandscapeLeft UIInterfaceOrientationLandscapeRight";
				INFOPLIST_KEY_UISupportedInterfaceOrientations_iPhone = "UIInterfaceOrientationPortrait UIInterfaceOrientationLandscapeLeft UIInterfaceOrientationLandscapeRight";
				LD_RUNPATH_SEARCH_PATHS = (
					"$(inherited)",
					"@executable_path/Frameworks",
				);
				MARKETING_VERSION = 1.0;
				PRODUCT_BUNDLE_IDENTIFIER = "pe.edu.cibertec.DAMII-EF";
				PRODUCT_NAME = "$(TARGET_NAME)";
				SWIFT_EMIT_LOC_STRINGS = YES;
				SWIFT_VERSION = 5.0;
				TARGETED_DEVICE_FAMILY = "1,2";
			};
			name = Release;
		};
/* End XCBuildConfiguration section */

/* Begin XCConfigurationList section */
		B715372F2D1A3BF500753433 /* Build configuration list for PBXProject "DAMII_EF" */ = {
			isa = XCConfigurationList;
			buildConfigurations = (
				B71537452D1A3BF700753433 /* Debug */,
				B71537462D1A3BF700753433 /* Release */,
			);
			defaultConfigurationIsVisible = 0;
			defaultConfigurationName = Release;
		};
		B71537472D1A3BF700753433 /* Build configuration list for PBXNativeTarget "DAMII_EF" */ = {
			isa = XCConfigurationList;
			buildConfigurations = (
				B71537482D1A3BF700753433 /* Debug */,
				B71537492D1A3BF700753433 /* Release */,
			);
			defaultConfigurationIsVisible = 0;
			defaultConfigurationName = Release;
		};
/* End XCConfigurationList section */

/* Begin XCRemoteSwiftPackageReference section */
		B71537502D1A3DA000753433 /* XCRemoteSwiftPackageReference "Alamofire" */ = {
			isa = XCRemoteSwiftPackageReference;
			repositoryURL = "https://github.com/Alamofire/Alamofire";
			requirement = {
				kind = upToNextMajorVersion;
				minimumVersion = 5.0.0;
			};
		};
/* End XCRemoteSwiftPackageReference section */

/* Begin XCSwiftPackageProductDependency section */
		B71537512D1A3DA000753433 /* Alamofire */ = {
			isa = XCSwiftPackageProductDependency;
			package = B71537502D1A3DA000753433 /* XCRemoteSwiftPackageReference "Alamofire" */;
			productName = Alamofire;
		};
/* End XCSwiftPackageProductDependency section */

/* Begin XCVersionGroup section */
		B71537422D1A3BF700753433 /* DAMII_EF.xcdatamodeld */ = {
			isa = XCVersionGroup;
			children = (
				B71537432D1A3BF700753433 /* DAMII_EF.xcdatamodel */,
			);
			currentVersion = B71537432D1A3BF700753433 /* DAMII_EF.xcdatamodel */;
			path = DAMII_EF.xcdatamodeld;
			sourceTree = "<group>";
			versionGroupType = wrapper.xcdatamodel;
		};
/* End XCVersionGroup section */
	};
	rootObject = B715372C2D1A3BF500753433 /* Project object */;
}
